// !$*UTF8*$!
{
	archiveVersion = 1;
	classes = {
	};
	objectVersion = 56;
	objects = {

/* Begin PBXBuildFile section */
		841E20042B579CA1004AE483 /* Extension - UIView.swift in Sources */ = {isa = PBXBuildFile; fileRef = 841E20032B579CA1004AE483 /* Extension - UIView.swift */; };
		841E20062B579E55004AE483 /* Extension-UIColor.swift in Sources */ = {isa = PBXBuildFile; fileRef = 841E20052B579E55004AE483 /* Extension-UIColor.swift */; };
		841E20082B59AD61004AE483 /* CashbackCell.swift in Sources */ = {isa = PBXBuildFile; fileRef = 841E20072B59AD61004AE483 /* CashbackCell.swift */; };
		841E200A2B59D0F0004AE483 /* OffersCell.swift in Sources */ = {isa = PBXBuildFile; fileRef = 841E20092B59D0F0004AE483 /* OffersCell.swift */; };
		843F237C2B62F3CE00995742 /* TrasferCell.swift in Sources */ = {isa = PBXBuildFile; fileRef = 843F237B2B62F3CE00995742 /* TrasferCell.swift */; };
		843F23802B630F9F00995742 /* MirCell.swift in Sources */ = {isa = PBXBuildFile; fileRef = 843F237F2B630F9F00995742 /* MirCell.swift */; };
		843F23822B644A3B00995742 /* MoreCell.swift in Sources */ = {isa = PBXBuildFile; fileRef = 843F23812B644A3B00995742 /* MoreCell.swift */; };
		843F23852B67F87200995742 /* ProfileViewController.swift in Sources */ = {isa = PBXBuildFile; fileRef = 843F23842B67F87200995742 /* ProfileViewController.swift */; };
		843F23872B68CF4600995742 /* BellViewController.swift in Sources */ = {isa = PBXBuildFile; fileRef = 843F23862B68CF4600995742 /* BellViewController.swift */; };
		843F238A2B698DBE00995742 /* NotificationCell.swift in Sources */ = {isa = PBXBuildFile; fileRef = 843F23892B698DBE00995742 /* NotificationCell.swift */; };
		843F238C2B69AC8200995742 /* MaintenanceViewController.swift in Sources */ = {isa = PBXBuildFile; fileRef = 843F238B2B69AC8200995742 /* MaintenanceViewController.swift */; };
		84460AC22B5AC37E006B1F59 /* FastPaymentsCell.swift in Sources */ = {isa = PBXBuildFile; fileRef = 84460AC12B5AC37E006B1F59 /* FastPaymentsCell.swift */; };
		84460AC42B5E4799006B1F59 /* exchangeRatesCell.swift in Sources */ = {isa = PBXBuildFile; fileRef = 84460AC32B5E4799006B1F59 /* exchangeRatesCell.swift */; };
		84460AC62B5E6D57006B1F59 /* SectionHeaders.swift in Sources */ = {isa = PBXBuildFile; fileRef = 84460AC52B5E6D57006B1F59 /* SectionHeaders.swift */; };
		84460ACA2B5E8348006B1F59 /* HelpCell.swift in Sources */ = {isa = PBXBuildFile; fileRef = 84460AC92B5E8348006B1F59 /* HelpCell.swift */; };
		84460AD02B60087E006B1F59 /* PaymentsCell.swift in Sources */ = {isa = PBXBuildFile; fileRef = 84460ACF2B60087E006B1F59 /* PaymentsCell.swift */; };
		84460AD42B60162D006B1F59 /* SelectableCell.swift in Sources */ = {isa = PBXBuildFile; fileRef = 84460AD32B60162D006B1F59 /* SelectableCell.swift */; };
		844BA0302B73608000D7771C /* BelliViewController.swift in Sources */ = {isa = PBXBuildFile; fileRef = 844BA02F2B73608000D7771C /* BelliViewController.swift */; };
		844E1E272B6A539F00BA5A4A /* MobilViewController.swift in Sources */ = {isa = PBXBuildFile; fileRef = 844E1E262B6A539F00BA5A4A /* MobilViewController.swift */; };
		844E1E292B6A6B5800BA5A4A /* MobileCell.swift in Sources */ = {isa = PBXBuildFile; fileRef = 844E1E282B6A6B5800BA5A4A /* MobileCell.swift */; };
		844E1E2B2B6AA04100BA5A4A /* MobilePresenter.swift in Sources */ = {isa = PBXBuildFile; fileRef = 844E1E2A2B6AA04100BA5A4A /* MobilePresenter.swift */; };
		844E1E2D2B6AA2A400BA5A4A /* MobileView.swift in Sources */ = {isa = PBXBuildFile; fileRef = 844E1E2C2B6AA2A400BA5A4A /* MobileView.swift */; };
		844E1E2F2B6D2FAF00BA5A4A /* MainView.swift in Sources */ = {isa = PBXBuildFile; fileRef = 844E1E2E2B6D2FAF00BA5A4A /* MainView.swift */; };
		844E1E372B7006C800BA5A4A /* ProfilCell.swift in Sources */ = {isa = PBXBuildFile; fileRef = 844E1E362B7006C800BA5A4A /* ProfilCell.swift */; };
		844E1E392B701AB000BA5A4A /* SettingsCell.swift in Sources */ = {isa = PBXBuildFile; fileRef = 844E1E382B701AB000BA5A4A /* SettingsCell.swift */; };
		844E1E3B2B70240200BA5A4A /* NameViewController.swift in Sources */ = {isa = PBXBuildFile; fileRef = 844E1E3A2B70240200BA5A4A /* NameViewController.swift */; };
		8491ED272B56C48D006C81CB /* AppDelegate.swift in Sources */ = {isa = PBXBuildFile; fileRef = 8491ED262B56C48D006C81CB /* AppDelegate.swift */; };
		8491ED2B2B56C48D006C81CB /* MainViewController.swift in Sources */ = {isa = PBXBuildFile; fileRef = 8491ED2A2B56C48D006C81CB /* MainViewController.swift */; };
		8491ED332B56C48E006C81CB /* LaunchScreen.storyboard in Resources */ = {isa = PBXBuildFile; fileRef = 8491ED312B56C48E006C81CB /* LaunchScreen.storyboard */; };
		8491ED3B2B56CAC4006C81CB /* PaymentsViewController.swift in Sources */ = {isa = PBXBuildFile; fileRef = 8491ED3A2B56CAC4006C81CB /* PaymentsViewController.swift */; };
		8491ED3D2B56CAE5006C81CB /* TrasferViewController.swift in Sources */ = {isa = PBXBuildFile; fileRef = 8491ED3C2B56CAE5006C81CB /* TrasferViewController.swift */; };
		8491ED3F2B56CB07006C81CB /* HelpViewController.swift in Sources */ = {isa = PBXBuildFile; fileRef = 8491ED3E2B56CB07006C81CB /* HelpViewController.swift */; };
		8491ED412B56CB2B006C81CB /* MoreViewController.swift in Sources */ = {isa = PBXBuildFile; fileRef = 8491ED402B56CB2B006C81CB /* MoreViewController.swift */; };
		8491ED432B57227A006C81CB /* CardCell.swift in Sources */ = {isa = PBXBuildFile; fileRef = 8491ED422B57227A006C81CB /* CardCell.swift */; };
/* End PBXBuildFile section */

/* Begin PBXFileReference section */
		841E20032B579CA1004AE483 /* Extension - UIView.swift */ = {isa = PBXFileReference; lastKnownFileType = sourcecode.swift; path = "Extension - UIView.swift"; sourceTree = "<group>"; };
		841E20052B579E55004AE483 /* Extension-UIColor.swift */ = {isa = PBXFileReference; lastKnownFileType = sourcecode.swift; path = "Extension-UIColor.swift"; sourceTree = "<group>"; };
		841E20072B59AD61004AE483 /* CashbackCell.swift */ = {isa = PBXFileReference; lastKnownFileType = sourcecode.swift; path = CashbackCell.swift; sourceTree = "<group>"; };
		841E20092B59D0F0004AE483 /* OffersCell.swift */ = {isa = PBXFileReference; lastKnownFileType = sourcecode.swift; path = OffersCell.swift; sourceTree = "<group>"; };
		843F237B2B62F3CE00995742 /* TrasferCell.swift */ = {isa = PBXFileReference; lastKnownFileType = sourcecode.swift; path = TrasferCell.swift; sourceTree = "<group>"; };
		843F237F2B630F9F00995742 /* MirCell.swift */ = {isa = PBXFileReference; lastKnownFileType = sourcecode.swift; path = MirCell.swift; sourceTree = "<group>"; };
		843F23812B644A3B00995742 /* MoreCell.swift */ = {isa = PBXFileReference; lastKnownFileType = sourcecode.swift; path = MoreCell.swift; sourceTree = "<group>"; };
		843F23842B67F87200995742 /* ProfileViewController.swift */ = {isa = PBXFileReference; lastKnownFileType = sourcecode.swift; path = ProfileViewController.swift; sourceTree = "<group>"; };
		843F23862B68CF4600995742 /* BellViewController.swift */ = {isa = PBXFileReference; lastKnownFileType = sourcecode.swift; path = BellViewController.swift; sourceTree = "<group>"; };
		843F23892B698DBE00995742 /* NotificationCell.swift */ = {isa = PBXFileReference; lastKnownFileType = sourcecode.swift; path = NotificationCell.swift; sourceTree = "<group>"; };
		843F238B2B69AC8200995742 /* MaintenanceViewController.swift */ = {isa = PBXFileReference; lastKnownFileType = sourcecode.swift; path = MaintenanceViewController.swift; sourceTree = "<group>"; };
		84460AC12B5AC37E006B1F59 /* FastPaymentsCell.swift */ = {isa = PBXFileReference; lastKnownFileType = sourcecode.swift; path = FastPaymentsCell.swift; sourceTree = "<group>"; };
		84460AC32B5E4799006B1F59 /* exchangeRatesCell.swift */ = {isa = PBXFileReference; lastKnownFileType = sourcecode.swift; path = exchangeRatesCell.swift; sourceTree = "<group>"; };
		84460AC52B5E6D57006B1F59 /* SectionHeaders.swift */ = {isa = PBXFileReference; lastKnownFileType = sourcecode.swift; path = SectionHeaders.swift; sourceTree = "<group>"; };
		84460AC92B5E8348006B1F59 /* HelpCell.swift */ = {isa = PBXFileReference; lastKnownFileType = sourcecode.swift; path = HelpCell.swift; sourceTree = "<group>"; };
		84460ACF2B60087E006B1F59 /* PaymentsCell.swift */ = {isa = PBXFileReference; lastKnownFileType = sourcecode.swift; path = PaymentsCell.swift; sourceTree = "<group>"; };
		84460AD32B60162D006B1F59 /* SelectableCell.swift */ = {isa = PBXFileReference; lastKnownFileType = sourcecode.swift; path = SelectableCell.swift; sourceTree = "<group>"; };
		844BA02F2B73608000D7771C /* BelliViewController.swift */ = {isa = PBXFileReference; lastKnownFileType = sourcecode.swift; path = BelliViewController.swift; sourceTree = "<group>"; };
		844E1E262B6A539F00BA5A4A /* MobilViewController.swift */ = {isa = PBXFileReference; lastKnownFileType = sourcecode.swift; path = MobilViewController.swift; sourceTree = "<group>"; };
		844E1E282B6A6B5800BA5A4A /* MobileCell.swift */ = {isa = PBXFileReference; lastKnownFileType = sourcecode.swift; path = MobileCell.swift; sourceTree = "<group>"; };
		844E1E2A2B6AA04100BA5A4A /* MobilePresenter.swift */ = {isa = PBXFileReference; lastKnownFileType = sourcecode.swift; path = MobilePresenter.swift; sourceTree = "<group>"; };
		844E1E2C2B6AA2A400BA5A4A /* MobileView.swift */ = {isa = PBXFileReference; lastKnownFileType = sourcecode.swift; path = MobileView.swift; sourceTree = "<group>"; };
		844E1E2E2B6D2FAF00BA5A4A /* MainView.swift */ = {isa = PBXFileReference; lastKnownFileType = sourcecode.swift; path = MainView.swift; sourceTree = "<group>"; };
		844E1E322B6D3A8700BA5A4A /* Assets.xcassets */ = {isa = PBXFileReference; lastKnownFileType = folder.assetcatalog; path = Assets.xcassets; sourceTree = "<group>"; };
		844E1E362B7006C800BA5A4A /* ProfilCell.swift */ = {isa = PBXFileReference; lastKnownFileType = sourcecode.swift; path = ProfilCell.swift; sourceTree = "<group>"; };
		844E1E382B701AB000BA5A4A /* SettingsCell.swift */ = {isa = PBXFileReference; lastKnownFileType = sourcecode.swift; path = SettingsCell.swift; sourceTree = "<group>"; };
		844E1E3A2B70240200BA5A4A /* NameViewController.swift */ = {isa = PBXFileReference; lastKnownFileType = sourcecode.swift; path = NameViewController.swift; sourceTree = "<group>"; };
		8491ED232B56C48D006C81CB /* zoomrad.app */ = {isa = PBXFileReference; explicitFileType = wrapper.application; includeInIndex = 0; path = zoomrad.app; sourceTree = BUILT_PRODUCTS_DIR; };
		8491ED262B56C48D006C81CB /* AppDelegate.swift */ = {isa = PBXFileReference; lastKnownFileType = sourcecode.swift; path = AppDelegate.swift; sourceTree = "<group>"; };
		8491ED2A2B56C48D006C81CB /* MainViewController.swift */ = {isa = PBXFileReference; lastKnownFileType = sourcecode.swift; path = MainViewController.swift; sourceTree = "<group>"; };
		8491ED322B56C48E006C81CB /* Base */ = {isa = PBXFileReference; lastKnownFileType = file.storyboard; name = Base; path = Base.lproj/LaunchScreen.storyboard; sourceTree = "<group>"; };
		8491ED342B56C48E006C81CB /* Info.plist */ = {isa = PBXFileReference; lastKnownFileType = text.plist.xml; path = Info.plist; sourceTree = "<group>"; };
		8491ED3A2B56CAC4006C81CB /* PaymentsViewController.swift */ = {isa = PBXFileReference; lastKnownFileType = sourcecode.swift; path = PaymentsViewController.swift; sourceTree = "<group>"; };
		8491ED3C2B56CAE5006C81CB /* TrasferViewController.swift */ = {isa = PBXFileReference; lastKnownFileType = sourcecode.swift; path = TrasferViewController.swift; sourceTree = "<group>"; };
		8491ED3E2B56CB07006C81CB /* HelpViewController.swift */ = {isa = PBXFileReference; lastKnownFileType = sourcecode.swift; path = HelpViewController.swift; sourceTree = "<group>"; };
		8491ED402B56CB2B006C81CB /* MoreViewController.swift */ = {isa = PBXFileReference; lastKnownFileType = sourcecode.swift; path = MoreViewController.swift; sourceTree = "<group>"; };
		8491ED422B57227A006C81CB /* CardCell.swift */ = {isa = PBXFileReference; lastKnownFileType = sourcecode.swift; path = CardCell.swift; sourceTree = "<group>"; };
/* End PBXFileReference section */

/* Begin PBXFrameworksBuildPhase section */
		8491ED202B56C48D006C81CB /* Frameworks */ = {
			isa = PBXFrameworksBuildPhase;
			buildActionMask = 2147483647;
			files = (
			);
			runOnlyForDeploymentPostprocessing = 0;
		};
/* End PBXFrameworksBuildPhase section */

/* Begin PBXGroup section */
		843F237D2B630EFD00995742 /* PaymentsView */ = {
			isa = PBXGroup;
			children = (
				84460ACF2B60087E006B1F59 /* PaymentsCell.swift */,
				844BA02F2B73608000D7771C /* BelliViewController.swift */,
				8491ED3A2B56CAC4006C81CB /* PaymentsViewController.swift */,
				844E1E252B6A535400BA5A4A /* MobileView */,
			);
			path = PaymentsView;
			sourceTree = "<group>";
		};
		843F237E2B630F3B00995742 /* TrasferView */ = {
			isa = PBXGroup;
			children = (
				843F237B2B62F3CE00995742 /* TrasferCell.swift */,
				843F237F2B630F9F00995742 /* MirCell.swift */,
				8491ED3C2B56CAE5006C81CB /* TrasferViewController.swift */,
			);
			path = TrasferView;
			sourceTree = "<group>";
		};
		843F23832B67F37700995742 /* MoreView */ = {
			isa = PBXGroup;
			children = (
				843F23812B644A3B00995742 /* MoreCell.swift */,
				8491ED402B56CB2B006C81CB /* MoreViewController.swift */,
			);
			path = MoreView;
			sourceTree = "<group>";
		};
		843F23882B698D7300995742 /* BellView */ = {
			isa = PBXGroup;
			children = (
				843F23862B68CF4600995742 /* BellViewController.swift */,
				843F23892B698DBE00995742 /* NotificationCell.swift */,
				843F238D2B69AD5E00995742 /* NotificationCellViews */,
			);
			path = BellView;
			sourceTree = "<group>";
		};
		843F238D2B69AD5E00995742 /* NotificationCellViews */ = {
			isa = PBXGroup;
			children = (
				843F238B2B69AC8200995742 /* MaintenanceViewController.swift */,
			);
			path = NotificationCellViews;
			sourceTree = "<group>";
		};
		84460AC72B5E7B63006B1F59 /* mainView */ = {
			isa = PBXGroup;
			children = (
				8491ED422B57227A006C81CB /* CardCell.swift */,
				844E1E352B70063000BA5A4A /* ProfilCells */,
				843F23882B698D7300995742 /* BellView */,
				841E20072B59AD61004AE483 /* CashbackCell.swift */,
				841E20092B59D0F0004AE483 /* OffersCell.swift */,
				84460AC12B5AC37E006B1F59 /* FastPaymentsCell.swift */,
				84460AC32B5E4799006B1F59 /* exchangeRatesCell.swift */,
				84460AC52B5E6D57006B1F59 /* SectionHeaders.swift */,
				8491ED2A2B56C48D006C81CB /* MainViewController.swift */,
				844E1E2E2B6D2FAF00BA5A4A /* MainView.swift */,
			);
			path = mainView;
			sourceTree = "<group>";
		};
		84460AC82B5E7C15006B1F59 /* HelpVie */ = {
			isa = PBXGroup;
			children = (
				8491ED3E2B56CB07006C81CB /* HelpViewController.swift */,
				84460AC92B5E8348006B1F59 /* HelpCell.swift */,
			);
			path = HelpVie;
			sourceTree = "<group>";
		};
		84460AD12B6015B4006B1F59 /* Extensions */ = {
			isa = PBXGroup;
			children = (
				841E20052B579E55004AE483 /* Extension-UIColor.swift */,
				841E20032B579CA1004AE483 /* Extension - UIView.swift */,
			);
			path = Extensions;
			sourceTree = "<group>";
		};
		84460AD22B60161C006B1F59 /* SubViews */ = {
			isa = PBXGroup;
			children = (
				84460AD32B60162D006B1F59 /* SelectableCell.swift */,
			);
			path = SubViews;
			sourceTree = "<group>";
		};
		844E1E252B6A535400BA5A4A /* MobileView */ = {
			isa = PBXGroup;
			children = (
				844E1E262B6A539F00BA5A4A /* MobilViewController.swift */,
				844E1E2C2B6AA2A400BA5A4A /* MobileView.swift */,
				844E1E2A2B6AA04100BA5A4A /* MobilePresenter.swift */,
				844E1E282B6A6B5800BA5A4A /* MobileCell.swift */,
			);
			path = MobileView;
			sourceTree = "<group>";
		};
		844E1E352B70063000BA5A4A /* ProfilCells */ = {
			isa = PBXGroup;
			children = (
				843F23842B67F87200995742 /* ProfileViewController.swift */,
				844E1E3A2B70240200BA5A4A /* NameViewController.swift */,
				844E1E362B7006C800BA5A4A /* ProfilCell.swift */,
				844E1E382B701AB000BA5A4A /* SettingsCell.swift */,
			);
			path = ProfilCells;
			sourceTree = "<group>";
		};
		8491ED1A2B56C48D006C81CB = {
			isa = PBXGroup;
			children = (
				8491ED252B56C48D006C81CB /* zoomrad */,
				8491ED242B56C48D006C81CB /* Products */,
			);
			sourceTree = "<group>";
		};
		8491ED242B56C48D006C81CB /* Products */ = {
			isa = PBXGroup;
			children = (
				8491ED232B56C48D006C81CB /* zoomrad.app */,
			);
			name = Products;
			sourceTree = "<group>";
		};
		8491ED252B56C48D006C81CB /* zoomrad */ = {
			isa = PBXGroup;
			children = (
				84460AD22B60161C006B1F59 /* SubViews */,
				84460AD12B6015B4006B1F59 /* Extensions */,
				8491ED262B56C48D006C81CB /* AppDelegate.swift */,
				84460AC72B5E7B63006B1F59 /* mainView */,
				843F237D2B630EFD00995742 /* PaymentsView */,
				843F237E2B630F3B00995742 /* TrasferView */,
				84460AC82B5E7C15006B1F59 /* HelpVie */,
				843F23832B67F37700995742 /* MoreView */,
				844E1E322B6D3A8700BA5A4A /* Assets.xcassets */,
				8491ED312B56C48E006C81CB /* LaunchScreen.storyboard */,
				8491ED342B56C48E006C81CB /* Info.plist */,
			);
			path = zoomrad;
			sourceTree = "<group>";
		};
/* End PBXGroup section */

/* Begin PBXHeadersBuildPhase section */
		844E1E332B6D455000BA5A4A /* Headers */ = {
			isa = PBXHeadersBuildPhase;
			buildActionMask = 2147483647;
			files = (
			);
			runOnlyForDeploymentPostprocessing = 0;
		};
/* End PBXHeadersBuildPhase section */

/* Begin PBXNativeTarget section */
		8491ED222B56C48D006C81CB /* zoomrad */ = {
			isa = PBXNativeTarget;
			buildConfigurationList = 8491ED372B56C48E006C81CB /* Build configuration list for PBXNativeTarget "zoomrad" */;
			buildPhases = (
				844E1E332B6D455000BA5A4A /* Headers */,
				8491ED1F2B56C48D006C81CB /* Sources */,
				8491ED202B56C48D006C81CB /* Frameworks */,
				8491ED212B56C48D006C81CB /* Resources */,
			);
			buildRules = (
			);
			dependencies = (
			);
			name = zoomrad;
			productName = zoomrad;
			productReference = 8491ED232B56C48D006C81CB /* zoomrad.app */;
			productType = "com.apple.product-type.application";
		};
/* End PBXNativeTarget section */

/* Begin PBXProject section */
		8491ED1B2B56C48D006C81CB /* Project object */ = {
			isa = PBXProject;
			attributes = {
				BuildIndependentTargetsInParallel = 1;
				LastSwiftUpdateCheck = 1430;
				LastUpgradeCheck = 1430;
				TargetAttributes = {
					8491ED222B56C48D006C81CB = {
						CreatedOnToolsVersion = 14.3.1;
					};
				};
			};
			buildConfigurationList = 8491ED1E2B56C48D006C81CB /* Build configuration list for PBXProject "zoomrad" */;
			compatibilityVersion = "Xcode 14.0";
			developmentRegion = en;
			hasScannedForEncodings = 0;
			knownRegions = (
				en,
				Base,
			);
			mainGroup = 8491ED1A2B56C48D006C81CB;
			productRefGroup = 8491ED242B56C48D006C81CB /* Products */;
			projectDirPath = "";
			projectRoot = "";
			targets = (
				8491ED222B56C48D006C81CB /* zoomrad */,
			);
		};
/* End PBXProject section */

/* Begin PBXResourcesBuildPhase section */
		8491ED212B56C48D006C81CB /* Resources */ = {
			isa = PBXResourcesBuildPhase;
			buildActionMask = 2147483647;
			files = (
				8491ED332B56C48E006C81CB /* LaunchScreen.storyboard in Resources */,
			);
			runOnlyForDeploymentPostprocessing = 0;
		};
/* End PBXResourcesBuildPhase section */

/* Begin PBXSourcesBuildPhase section */
		8491ED1F2B56C48D006C81CB /* Sources */ = {
			isa = PBXSourcesBuildPhase;
			buildActionMask = 2147483647;
			files = (
				843F23822B644A3B00995742 /* MoreCell.swift in Sources */,
				844E1E2B2B6AA04100BA5A4A /* MobilePresenter.swift in Sources */,
				84460AC62B5E6D57006B1F59 /* SectionHeaders.swift in Sources */,
				843F238A2B698DBE00995742 /* NotificationCell.swift in Sources */,
				8491ED3F2B56CB07006C81CB /* HelpViewController.swift in Sources */,
				843F23802B630F9F00995742 /* MirCell.swift in Sources */,
				8491ED432B57227A006C81CB /* CardCell.swift in Sources */,
				84460ACA2B5E8348006B1F59 /* HelpCell.swift in Sources */,
				8491ED3D2B56CAE5006C81CB /* TrasferViewController.swift in Sources */,
				841E20082B59AD61004AE483 /* CashbackCell.swift in Sources */,
				841E20042B579CA1004AE483 /* Extension - UIView.swift in Sources */,
				8491ED3B2B56CAC4006C81CB /* PaymentsViewController.swift in Sources */,
				84460AD42B60162D006B1F59 /* SelectableCell.swift in Sources */,
				843F23872B68CF4600995742 /* BellViewController.swift in Sources */,
				844E1E292B6A6B5800BA5A4A /* MobileCell.swift in Sources */,
				841E20062B579E55004AE483 /* Extension-UIColor.swift in Sources */,
				841E200A2B59D0F0004AE483 /* OffersCell.swift in Sources */,
				844E1E372B7006C800BA5A4A /* ProfilCell.swift in Sources */,
				84460AC22B5AC37E006B1F59 /* FastPaymentsCell.swift in Sources */,
				844E1E3B2B70240200BA5A4A /* NameViewController.swift in Sources */,
				844E1E272B6A539F00BA5A4A /* MobilViewController.swift in Sources */,
				8491ED412B56CB2B006C81CB /* MoreViewController.swift in Sources */,
				84460AC42B5E4799006B1F59 /* exchangeRatesCell.swift in Sources */,
				844BA0302B73608000D7771C /* BelliViewController.swift in Sources */,
				8491ED2B2B56C48D006C81CB /* MainViewController.swift in Sources */,
				844E1E2D2B6AA2A400BA5A4A /* MobileView.swift in Sources */,
				844E1E392B701AB000BA5A4A /* SettingsCell.swift in Sources */,
				84460AD02B60087E006B1F59 /* PaymentsCell.swift in Sources */,
				843F238C2B69AC8200995742 /* MaintenanceViewController.swift in Sources */,
				844E1E2F2B6D2FAF00BA5A4A /* MainView.swift in Sources */,
				8491ED272B56C48D006C81CB /* AppDelegate.swift in Sources */,
				843F23852B67F87200995742 /* ProfileViewController.swift in Sources */,
				843F237C2B62F3CE00995742 /* TrasferCell.swift in Sources */,
			);
			runOnlyForDeploymentPostprocessing = 0;
		};
/* End PBXSourcesBuildPhase section */

/* Begin PBXVariantGroup section */
		8491ED312B56C48E006C81CB /* LaunchScreen.storyboard */ = {
			isa = PBXVariantGroup;
			children = (
				8491ED322B56C48E006C81CB /* Base */,
			);
			name = LaunchScreen.storyboard;
			sourceTree = "<group>";
		};
/* End PBXVariantGroup section */

/* Begin XCBuildConfiguration section */
		8491ED352B56C48E006C81CB /* Debug */ = {
			isa = XCBuildConfiguration;
			buildSettings = {
				ALWAYS_SEARCH_USER_PATHS = NO;
				CLANG_ANALYZER_NONNULL = YES;
				CLANG_ANALYZER_NUMBER_OBJECT_CONVERSION = YES_AGGRESSIVE;
				CLANG_CXX_LANGUAGE_STANDARD = "gnu++20";
				CLANG_ENABLE_MODULES = YES;
				CLANG_ENABLE_OBJC_ARC = YES;
				CLANG_ENABLE_OBJC_WEAK = YES;
				CLANG_WARN_BLOCK_CAPTURE_AUTORELEASING = YES;
				CLANG_WARN_BOOL_CONVERSION = YES;
				CLANG_WARN_COMMA = YES;
				CLANG_WARN_CONSTANT_CONVERSION = YES;
				CLANG_WARN_DEPRECATED_OBJC_IMPLEMENTATIONS = YES;
				CLANG_WARN_DIRECT_OBJC_ISA_USAGE = YES_ERROR;
				CLANG_WARN_DOCUMENTATION_COMMENTS = YES;
				CLANG_WARN_EMPTY_BODY = YES;
				CLANG_WARN_ENUM_CONVERSION = YES;
				CLANG_WARN_INFINITE_RECURSION = YES;
				CLANG_WARN_INT_CONVERSION = YES;
				CLANG_WARN_NON_LITERAL_NULL_CONVERSION = YES;
				CLANG_WARN_OBJC_IMPLICIT_RETAIN_SELF = YES;
				CLANG_WARN_OBJC_LITERAL_CONVERSION = YES;
				CLANG_WARN_OBJC_ROOT_CLASS = YES_ERROR;
				CLANG_WARN_QUOTED_INCLUDE_IN_FRAMEWORK_HEADER = YES;
				CLANG_WARN_RANGE_LOOP_ANALYSIS = YES;
				CLANG_WARN_STRICT_PROTOTYPES = YES;
				CLANG_WARN_SUSPICIOUS_MOVE = YES;
				CLANG_WARN_UNGUARDED_AVAILABILITY = YES_AGGRESSIVE;
				CLANG_WARN_UNREACHABLE_CODE = YES;
				CLANG_WARN__DUPLICATE_METHOD_MATCH = YES;
				COPY_PHASE_STRIP = NO;
				DEBUG_INFORMATION_FORMAT = dwarf;
				ENABLE_STRICT_OBJC_MSGSEND = YES;
				ENABLE_TESTABILITY = YES;
				GCC_C_LANGUAGE_STANDARD = gnu11;
				GCC_DYNAMIC_NO_PIC = NO;
				GCC_NO_COMMON_BLOCKS = YES;
				GCC_OPTIMIZATION_LEVEL = 0;
				GCC_PREPROCESSOR_DEFINITIONS = (
					"DEBUG=1",
					"$(inherited)",
				);
				GCC_WARN_64_TO_32_BIT_CONVERSION = YES;
				GCC_WARN_ABOUT_RETURN_TYPE = YES_ERROR;
				GCC_WARN_UNDECLARED_SELECTOR = YES;
				GCC_WARN_UNINITIALIZED_AUTOS = YES_AGGRESSIVE;
				GCC_WARN_UNUSED_FUNCTION = YES;
				GCC_WARN_UNUSED_VARIABLE = YES;
				IPHONEOS_DEPLOYMENT_TARGET = 16.4;
				MTL_ENABLE_DEBUG_INFO = INCLUDE_SOURCE;
				MTL_FAST_MATH = YES;
				ONLY_ACTIVE_ARCH = YES;
				SDKROOT = iphoneos;
				SWIFT_ACTIVE_COMPILATION_CONDITIONS = DEBUG;
				SWIFT_OPTIMIZATION_LEVEL = "-Onone";
			};
			name = Debug;
		};
		8491ED362B56C48E006C81CB /* Release */ = {
			isa = XCBuildConfiguration;
			buildSettings = {
				ALWAYS_SEARCH_USER_PATHS = NO;
				CLANG_ANALYZER_NONNULL = YES;
				CLANG_ANALYZER_NUMBER_OBJECT_CONVERSION = YES_AGGRESSIVE;
				CLANG_CXX_LANGUAGE_STANDARD = "gnu++20";
				CLANG_ENABLE_MODULES = YES;
				CLANG_ENABLE_OBJC_ARC = YES;
				CLANG_ENABLE_OBJC_WEAK = YES;
				CLANG_WARN_BLOCK_CAPTURE_AUTORELEASING = YES;
				CLANG_WARN_BOOL_CONVERSION = YES;
				CLANG_WARN_COMMA = YES;
				CLANG_WARN_CONSTANT_CONVERSION = YES;
				CLANG_WARN_DEPRECATED_OBJC_IMPLEMENTATIONS = YES;
				CLANG_WARN_DIRECT_OBJC_ISA_USAGE = YES_ERROR;
				CLANG_WARN_DOCUMENTATION_COMMENTS = YES;
				CLANG_WARN_EMPTY_BODY = YES;
				CLANG_WARN_ENUM_CONVERSION = YES;
				CLANG_WARN_INFINITE_RECURSION = YES;
				CLANG_WARN_INT_CONVERSION = YES;
				CLANG_WARN_NON_LITERAL_NULL_CONVERSION = YES;
				CLANG_WARN_OBJC_IMPLICIT_RETAIN_SELF = YES;
				CLANG_WARN_OBJC_LITERAL_CONVERSION = YES;
				CLANG_WARN_OBJC_ROOT_CLASS = YES_ERROR;
				CLANG_WARN_QUOTED_INCLUDE_IN_FRAMEWORK_HEADER = YES;
				CLANG_WARN_RANGE_LOOP_ANALYSIS = YES;
				CLANG_WARN_STRICT_PROTOTYPES = YES;
				CLANG_WARN_SUSPICIOUS_MOVE = YES;
				CLANG_WARN_UNGUARDED_AVAILABILITY = YES_AGGRESSIVE;
				CLANG_WARN_UNREACHABLE_CODE = YES;
				CLANG_WARN__DUPLICATE_METHOD_MATCH = YES;
				COPY_PHASE_STRIP = NO;
				DEBUG_INFORMATION_FORMAT = "dwarf-with-dsym";
				ENABLE_NS_ASSERTIONS = NO;
				ENABLE_STRICT_OBJC_MSGSEND = YES;
				GCC_C_LANGUAGE_STANDARD = gnu11;
				GCC_NO_COMMON_BLOCKS = YES;
				GCC_WARN_64_TO_32_BIT_CONVERSION = YES;
				GCC_WARN_ABOUT_RETURN_TYPE = YES_ERROR;
				GCC_WARN_UNDECLARED_SELECTOR = YES;
				GCC_WARN_UNINITIALIZED_AUTOS = YES_AGGRESSIVE;
				GCC_WARN_UNUSED_FUNCTION = YES;
				GCC_WARN_UNUSED_VARIABLE = YES;
				IPHONEOS_DEPLOYMENT_TARGET = 16.4;
				MTL_ENABLE_DEBUG_INFO = NO;
				MTL_FAST_MATH = YES;
				SDKROOT = iphoneos;
				SWIFT_COMPILATION_MODE = wholemodule;
				SWIFT_OPTIMIZATION_LEVEL = "-O";
				VALIDATE_PRODUCT = YES;
			};
			name = Release;
		};
		8491ED382B56C48E006C81CB /* Debug */ = {
			isa = XCBuildConfiguration;
			buildSettings = {
				ASSETCATALOG_COMPILER_APPICON_NAME = AppIcon;
				ASSETCATALOG_COMPILER_GLOBAL_ACCENT_COLOR_NAME = AccentColor;
				CODE_SIGN_STYLE = Automatic;
				CURRENT_PROJECT_VERSION = 1;
				GENERATE_INFOPLIST_FILE = YES;
				INFOPLIST_FILE = zoomrad/Info.plist;
				INFOPLIST_KEY_UIApplicationSupportsIndirectInputEvents = YES;
				INFOPLIST_KEY_UILaunchStoryboardName = LaunchScreen;
				INFOPLIST_KEY_UIMainStoryboardFile = "";
				INFOPLIST_KEY_UISupportedInterfaceOrientations_iPad = "UIInterfaceOrientationPortrait UIInterfaceOrientationPortraitUpsideDown UIInterfaceOrientationLandscapeLeft UIInterfaceOrientationLandscapeRight";
				INFOPLIST_KEY_UISupportedInterfaceOrientations_iPhone = "UIInterfaceOrientationPortrait UIInterfaceOrientationLandscapeLeft UIInterfaceOrientationLandscapeRight";
				LD_RUNPATH_SEARCH_PATHS = (
					"$(inherited)",
					"@executable_path/Frameworks",
				);
				MARKETING_VERSION = 1.0;
				NEW_SETTING = "";
				PRODUCT_BUNDLE_IDENTIFIER = sanjarbeksmac.zoomrad;
				PRODUCT_NAME = "$(TARGET_NAME)";
				SWIFT_EMIT_LOC_STRINGS = YES;
				SWIFT_VERSION = 5.0;
				TARGETED_DEVICE_FAMILY = "1,2";
			};
			name = Debug;
		};
		8491ED392B56C48E006C81CB /* Release */ = {
			isa = XCBuildConfiguration;
			buildSettings = {
				ASSETCATALOG_COMPILER_APPICON_NAME = AppIcon;
				ASSETCATALOG_COMPILER_GLOBAL_ACCENT_COLOR_NAME = AccentColor;
				CODE_SIGN_STYLE = Automatic;
				CURRENT_PROJECT_VERSION = 1;
				GENERATE_INFOPLIST_FILE = YES;
				INFOPLIST_FILE = zoomrad/Info.plist;
				INFOPLIST_KEY_UIApplicationSupportsIndirectInputEvents = YES;
				INFOPLIST_KEY_UILaunchStoryboardName = LaunchScreen;
				INFOPLIST_KEY_UIMainStoryboardFile = "";
				INFOPLIST_KEY_UISupportedInterfaceOrientations_iPad = "UIInterfaceOrientationPortrait UIInterfaceOrientationPortraitUpsideDown UIInterfaceOrientationLandscapeLeft UIInterfaceOrientationLandscapeRight";
				INFOPLIST_KEY_UISupportedInterfaceOrientations_iPhone = "UIInterfaceOrientationPortrait UIInterfaceOrientationLandscapeLeft UIInterfaceOrientationLandscapeRight";
				LD_RUNPATH_SEARCH_PATHS = (
					"$(inherited)",
					"@executable_path/Frameworks",
				);
				MARKETING_VERSION = 1.0;
				NEW_SETTING = "";
				PRODUCT_BUNDLE_IDENTIFIER = sanjarbeksmac.zoomrad;
				PRODUCT_NAME = "$(TARGET_NAME)";
				SWIFT_EMIT_LOC_STRINGS = YES;
				SWIFT_VERSION = 5.0;
				TARGETED_DEVICE_FAMILY = "1,2";
			};
			name = Release;
		};
/* End XCBuildConfiguration section */

/* Begin XCConfigurationList section */
		8491ED1E2B56C48D006C81CB /* Build configuration list for PBXProject "zoomrad" */ = {
			isa = XCConfigurationList;
			buildConfigurations = (
				8491ED352B56C48E006C81CB /* Debug */,
				8491ED362B56C48E006C81CB /* Release */,
			);
			defaultConfigurationIsVisible = 0;
			defaultConfigurationName = Release;
		};
		8491ED372B56C48E006C81CB /* Build configuration list for PBXNativeTarget "zoomrad" */ = {
			isa = XCConfigurationList;
			buildConfigurations = (
				8491ED382B56C48E006C81CB /* Debug */,
				8491ED392B56C48E006C81CB /* Release */,
			);
			defaultConfigurationIsVisible = 0;
			defaultConfigurationName = Release;
		};
/* End XCConfigurationList section */
	};
	rootObject = 8491ED1B2B56C48D006C81CB /* Project object */;
}
